// !$*UTF8*$!
{
	archiveVersion = 1;
	classes = {
	};
	objectVersion = 46;
	objects = {

/* Begin PBXBuildFile section */
		822030591C6BE37100F521EE /* main.cpp in Sources */ = {isa = PBXBuildFile; fileRef = 822030581C6BE37100F521EE /* main.cpp */; };
		8220305E1C6BE3D200F521EE /* sparseMatrix.cpp in Sources */ = {isa = PBXBuildFile; fileRef = 8220305D1C6BE3D200F521EE /* sparseMatrix.cpp */; };
		8236F39C1C76828B0000F9EB /* main.cpp in Sources */ = {isa = PBXBuildFile; fileRef = 8236F39B1C76828B0000F9EB /* main.cpp */; };
		8247340A1C4B02AD00D67934 /* main.cpp in Sources */ = {isa = PBXBuildFile; fileRef = 824734091C4B02AD00D67934 /* main.cpp */; };
		824734171C4B02D800D67934 /* main.cpp in Sources */ = {isa = PBXBuildFile; fileRef = 824734161C4B02D800D67934 /* main.cpp */; };
		82B5A04E1CD22BC30040A220 /* main.cpp in Sources */ = {isa = PBXBuildFile; fileRef = 82B5A04D1CD22BC30040A220 /* main.cpp */; };
		82B5A0561CD2501D0040A220 /* main.cpp in Sources */ = {isa = PBXBuildFile; fileRef = 82B5A0551CD2501D0040A220 /* main.cpp */; };
		82DAC8761CA859B800958A13 /* main.cpp in Sources */ = {isa = PBXBuildFile; fileRef = 82DAC8751CA859B800958A13 /* main.cpp */; };
		82DAC87D1CA859BF00958A13 /* problem3.cpp in Sources */ = {isa = PBXBuildFile; fileRef = 82DAC87A1CA859BF00958A13 /* problem3.cpp */; };
		82DAC87E1CA859BF00958A13 /* problem2.cpp in Sources */ = {isa = PBXBuildFile; fileRef = 82DAC87B1CA859BF00958A13 /* problem2.cpp */; };
		82DAC87F1CA859BF00958A13 /* problem1.cpp in Sources */ = {isa = PBXBuildFile; fileRef = 82DAC87C1CA859BF00958A13 /* problem1.cpp */; };
		82E991C11CA4B9E0000D3E43 /* main.cpp in Sources */ = {isa = PBXBuildFile; fileRef = 82E991C01CA4B9E0000D3E43 /* main.cpp */; };
		82E991CC1CA4BA02000D3E43 /* main.cpp in Sources */ = {isa = PBXBuildFile; fileRef = 82E991CB1CA4BA02000D3E43 /* main.cpp */; };
		82E991D71CA4BA4A000D3E43 /* main.cpp in Sources */ = {isa = PBXBuildFile; fileRef = 82E991D61CA4BA4A000D3E43 /* main.cpp */; };
		82EB4CAF1C53FBFA001B9643 /* main.cpp in Sources */ = {isa = PBXBuildFile; fileRef = 82EB4CAE1C53FBFA001B9643 /* main.cpp */; };
/* End PBXBuildFile section */

/* Begin PBXCopyFilesBuildPhase section */
		821CDF5F1CC48B4400C68BB4 /* CopyFiles */ = {
			isa = PBXCopyFilesBuildPhase;
			buildActionMask = 2147483647;
			dstPath = /usr/share/man/man1/;
			dstSubfolderSpec = 0;
			files = (
			);
			runOnlyForDeploymentPostprocessing = 1;
		};
		822030541C6BE37100F521EE /* CopyFiles */ = {
			isa = PBXCopyFilesBuildPhase;
			buildActionMask = 2147483647;
			dstPath = /usr/share/man/man1/;
			dstSubfolderSpec = 0;
			files = (
			);
			runOnlyForDeploymentPostprocessing = 1;
		};
		8236F3971C76828B0000F9EB /* CopyFiles */ = {
			isa = PBXCopyFilesBuildPhase;
			buildActionMask = 2147483647;
			dstPath = /usr/share/man/man1/;
			dstSubfolderSpec = 0;
			files = (
			);
			runOnlyForDeploymentPostprocessing = 1;
		};
		824734041C4B02AD00D67934 /* CopyFiles */ = {
			isa = PBXCopyFilesBuildPhase;
			buildActionMask = 2147483647;
			dstPath = /usr/share/man/man1/;
			dstSubfolderSpec = 0;
			files = (
			);
			runOnlyForDeploymentPostprocessing = 1;
		};
		824734121C4B02D800D67934 /* CopyFiles */ = {
			isa = PBXCopyFilesBuildPhase;
			buildActionMask = 2147483647;
			dstPath = /usr/share/man/man1/;
			dstSubfolderSpec = 0;
			files = (
			);
			runOnlyForDeploymentPostprocessing = 1;
		};
		82B5A0511CD2501D0040A220 /* CopyFiles */ = {
			isa = PBXCopyFilesBuildPhase;
			buildActionMask = 2147483647;
			dstPath = /usr/share/man/man1/;
			dstSubfolderSpec = 0;
			files = (
			);
			runOnlyForDeploymentPostprocessing = 1;
		};
		82DAC8711CA859B800958A13 /* CopyFiles */ = {
			isa = PBXCopyFilesBuildPhase;
			buildActionMask = 2147483647;
			dstPath = /usr/share/man/man1/;
			dstSubfolderSpec = 0;
			files = (
			);
			runOnlyForDeploymentPostprocessing = 1;
		};
		82E991BC1CA4B9E0000D3E43 /* CopyFiles */ = {
			isa = PBXCopyFilesBuildPhase;
			buildActionMask = 2147483647;
			dstPath = /usr/share/man/man1/;
			dstSubfolderSpec = 0;
			files = (
			);
			runOnlyForDeploymentPostprocessing = 1;
		};
		82E991C71CA4BA02000D3E43 /* CopyFiles */ = {
			isa = PBXCopyFilesBuildPhase;
			buildActionMask = 2147483647;
			dstPath = /usr/share/man/man1/;
			dstSubfolderSpec = 0;
			files = (
			);
			runOnlyForDeploymentPostprocessing = 1;
		};
		82E991D21CA4BA4A000D3E43 /* CopyFiles */ = {
			isa = PBXCopyFilesBuildPhase;
			buildActionMask = 2147483647;
			dstPath = /usr/share/man/man1/;
			dstSubfolderSpec = 0;
			files = (
			);
			runOnlyForDeploymentPostprocessing = 1;
		};
		82EB4CAA1C53FBF9001B9643 /* CopyFiles */ = {
			isa = PBXCopyFilesBuildPhase;
			buildActionMask = 2147483647;
			dstPath = /usr/share/man/man1/;
			dstSubfolderSpec = 0;
			files = (
			);
			runOnlyForDeploymentPostprocessing = 1;
		};
/* End PBXCopyFilesBuildPhase section */

/* Begin PBXFileReference section */
		821CDF611CC48B4400C68BB4 /* Project2 */ = {isa = PBXFileReference; explicitFileType = "compiled.mach-o.executable"; includeInIndex = 0; path = Project2; sourceTree = BUILT_PRODUCTS_DIR; };
		821CDF681CC48B5B00C68BB4 /* Notes */ = {isa = PBXFileReference; fileEncoding = 4; lastKnownFileType = text; path = Notes; sourceTree = "<group>"; };
		821CDF691CC48DD300C68BB4 /* Project2-updated.pdf */ = {isa = PBXFileReference; lastKnownFileType = image.pdf; path = "Project2-updated.pdf"; sourceTree = "<group>"; };
		822030561C6BE37100F521EE /* SparseMatrix */ = {isa = PBXFileReference; explicitFileType = "compiled.mach-o.executable"; includeInIndex = 0; path = SparseMatrix; sourceTree = BUILT_PRODUCTS_DIR; };
		822030581C6BE37100F521EE /* main.cpp */ = {isa = PBXFileReference; lastKnownFileType = sourcecode.cpp.cpp; path = main.cpp; sourceTree = "<group>"; };
		8220305D1C6BE3D200F521EE /* sparseMatrix.cpp */ = {isa = PBXFileReference; fileEncoding = 4; lastKnownFileType = sourcecode.cpp.cpp; path = sparseMatrix.cpp; sourceTree = "<group>"; };
		8236F3991C76828B0000F9EB /* Calculator */ = {isa = PBXFileReference; explicitFileType = "compiled.mach-o.executable"; includeInIndex = 0; path = Calculator; sourceTree = BUILT_PRODUCTS_DIR; };
		8236F39B1C76828B0000F9EB /* main.cpp */ = {isa = PBXFileReference; lastKnownFileType = sourcecode.cpp.cpp; path = main.cpp; sourceTree = "<group>"; };
		824734061C4B02AD00D67934 /* Algorithms */ = {isa = PBXFileReference; explicitFileType = "compiled.mach-o.executable"; includeInIndex = 0; path = Algorithms; sourceTree = BUILT_PRODUCTS_DIR; };
		824734091C4B02AD00D67934 /* main.cpp */ = {isa = PBXFileReference; lastKnownFileType = sourcecode.cpp.cpp; path = main.cpp; sourceTree = "<group>"; };
		824734141C4B02D800D67934 /* InsertionSort */ = {isa = PBXFileReference; explicitFileType = "compiled.mach-o.executable"; includeInIndex = 0; path = InsertionSort; sourceTree = BUILT_PRODUCTS_DIR; };
		824734161C4B02D800D67934 /* main.cpp */ = {isa = PBXFileReference; lastKnownFileType = sourcecode.cpp.cpp; path = main.cpp; sourceTree = "<group>"; };
		82B5A04C1CD22BC30040A220 /* Graph.h */ = {isa = PBXFileReference; fileEncoding = 4; lastKnownFileType = sourcecode.c.h; path = Graph.h; sourceTree = "<group>"; };
		82B5A04D1CD22BC30040A220 /* main.cpp */ = {isa = PBXFileReference; fileEncoding = 4; lastKnownFileType = sourcecode.cpp.cpp; path = main.cpp; sourceTree = "<group>"; };
		82B5A0531CD2501D0040A220 /* Test */ = {isa = PBXFileReference; explicitFileType = "compiled.mach-o.executable"; includeInIndex = 0; path = Test; sourceTree = BUILT_PRODUCTS_DIR; };
		82B5A0551CD2501D0040A220 /* main.cpp */ = {isa = PBXFileReference; lastKnownFileType = sourcecode.cpp.cpp; path = main.cpp; sourceTree = "<group>"; };
		82DAC8731CA859B800958A13 /* Project1 */ = {isa = PBXFileReference; explicitFileType = "compiled.mach-o.executable"; includeInIndex = 0; path = Project1; sourceTree = BUILT_PRODUCTS_DIR; };
		82DAC8751CA859B800958A13 /* main.cpp */ = {isa = PBXFileReference; lastKnownFileType = sourcecode.cpp.cpp; path = main.cpp; sourceTree = "<group>"; };
		82DAC87A1CA859BF00958A13 /* problem3.cpp */ = {isa = PBXFileReference; fileEncoding = 4; lastKnownFileType = sourcecode.cpp.cpp; path = problem3.cpp; sourceTree = "<group>"; };
		82DAC87B1CA859BF00958A13 /* problem2.cpp */ = {isa = PBXFileReference; fileEncoding = 4; lastKnownFileType = sourcecode.cpp.cpp; path = problem2.cpp; sourceTree = "<group>"; };
		82DAC87C1CA859BF00958A13 /* problem1.cpp */ = {isa = PBXFileReference; fileEncoding = 4; lastKnownFileType = sourcecode.cpp.cpp; path = problem1.cpp; sourceTree = "<group>"; };
		82E991BE1CA4B9E0000D3E43 /* Project1_TreeReconstruction */ = {isa = PBXFileReference; explicitFileType = "compiled.mach-o.executable"; includeInIndex = 0; path = Project1_TreeReconstruction; sourceTree = BUILT_PRODUCTS_DIR; };
		82E991C01CA4B9E0000D3E43 /* main.cpp */ = {isa = PBXFileReference; lastKnownFileType = sourcecode.cpp.cpp; path = main.cpp; sourceTree = "<group>"; };
		82E991C91CA4BA02000D3E43 /* Project1_LevelOrder */ = {isa = PBXFileReference; explicitFileType = "compiled.mach-o.executable"; includeInIndex = 0; path = Project1_LevelOrder; sourceTree = BUILT_PRODUCTS_DIR; };
		82E991CB1CA4BA02000D3E43 /* main.cpp */ = {isa = PBXFileReference; lastKnownFileType = sourcecode.cpp.cpp; path = main.cpp; sourceTree = "<group>"; };
		82E991D41CA4BA4A000D3E43 /* Project1_PreInPostOrder */ = {isa = PBXFileReference; explicitFileType = "compiled.mach-o.executable"; includeInIndex = 0; path = Project1_PreInPostOrder; sourceTree = BUILT_PRODUCTS_DIR; };
		82E991D61CA4BA4A000D3E43 /* main.cpp */ = {isa = PBXFileReference; lastKnownFileType = sourcecode.cpp.cpp; path = main.cpp; sourceTree = "<group>"; };
		82EB4CAC1C53FBF9001B9643 /* InterleaveLinkedList */ = {isa = PBXFileReference; explicitFileType = "compiled.mach-o.executable"; includeInIndex = 0; path = InterleaveLinkedList; sourceTree = BUILT_PRODUCTS_DIR; };
		82EB4CAE1C53FBFA001B9643 /* main.cpp */ = {isa = PBXFileReference; lastKnownFileType = sourcecode.cpp.cpp; path = main.cpp; sourceTree = "<group>"; };
/* End PBXFileReference section */

/* Begin PBXFrameworksBuildPhase section */
		821CDF5E1CC48B4400C68BB4 /* Frameworks */ = {
			isa = PBXFrameworksBuildPhase;
			buildActionMask = 2147483647;
			files = (
			);
			runOnlyForDeploymentPostprocessing = 0;
		};
		822030531C6BE37100F521EE /* Frameworks */ = {
			isa = PBXFrameworksBuildPhase;
			buildActionMask = 2147483647;
			files = (
			);
			runOnlyForDeploymentPostprocessing = 0;
		};
		8236F3961C76828B0000F9EB /* Frameworks */ = {
			isa = PBXFrameworksBuildPhase;
			buildActionMask = 2147483647;
			files = (
			);
			runOnlyForDeploymentPostprocessing = 0;
		};
		824734031C4B02AD00D67934 /* Frameworks */ = {
			isa = PBXFrameworksBuildPhase;
			buildActionMask = 2147483647;
			files = (
			);
			runOnlyForDeploymentPostprocessing = 0;
		};
		824734111C4B02D800D67934 /* Frameworks */ = {
			isa = PBXFrameworksBuildPhase;
			buildActionMask = 2147483647;
			files = (
			);
			runOnlyForDeploymentPostprocessing = 0;
		};
		82B5A0501CD2501D0040A220 /* Frameworks */ = {
			isa = PBXFrameworksBuildPhase;
			buildActionMask = 2147483647;
			files = (
			);
			runOnlyForDeploymentPostprocessing = 0;
		};
		82DAC8701CA859B800958A13 /* Frameworks */ = {
			isa = PBXFrameworksBuildPhase;
			buildActionMask = 2147483647;
			files = (
			);
			runOnlyForDeploymentPostprocessing = 0;
		};
		82E991BB1CA4B9E0000D3E43 /* Frameworks */ = {
			isa = PBXFrameworksBuildPhase;
			buildActionMask = 2147483647;
			files = (
			);
			runOnlyForDeploymentPostprocessing = 0;
		};
		82E991C61CA4BA02000D3E43 /* Frameworks */ = {
			isa = PBXFrameworksBuildPhase;
			buildActionMask = 2147483647;
			files = (
			);
			runOnlyForDeploymentPostprocessing = 0;
		};
		82E991D11CA4BA4A000D3E43 /* Frameworks */ = {
			isa = PBXFrameworksBuildPhase;
			buildActionMask = 2147483647;
			files = (
			);
			runOnlyForDeploymentPostprocessing = 0;
		};
		82EB4CA91C53FBF9001B9643 /* Frameworks */ = {
			isa = PBXFrameworksBuildPhase;
			buildActionMask = 2147483647;
			files = (
			);
			runOnlyForDeploymentPostprocessing = 0;
		};
/* End PBXFrameworksBuildPhase section */

/* Begin PBXGroup section */
		821CDF621CC48B4400C68BB4 /* Project2 */ = {
			isa = PBXGroup;
			children = (
				821CDF691CC48DD300C68BB4 /* Project2-updated.pdf */,
				821CDF681CC48B5B00C68BB4 /* Notes */,
				82B5A04C1CD22BC30040A220 /* Graph.h */,
				82B5A04D1CD22BC30040A220 /* main.cpp */,
			);
			path = Project2;
			sourceTree = "<group>";
		};
		822030571C6BE37100F521EE /* SparseMatrix */ = {
			isa = PBXGroup;
			children = (
				822030581C6BE37100F521EE /* main.cpp */,
				8220305D1C6BE3D200F521EE /* sparseMatrix.cpp */,
			);
			path = SparseMatrix;
			sourceTree = "<group>";
		};
		8236F39A1C76828B0000F9EB /* Calculator */ = {
			isa = PBXGroup;
			children = (
				8236F39B1C76828B0000F9EB /* main.cpp */,
			);
			path = Calculator;
			sourceTree = "<group>";
		};
		824733FD1C4B02AD00D67934 = {
			isa = PBXGroup;
			children = (
				824734081C4B02AD00D67934 /* Algorithms */,
				824734151C4B02D800D67934 /* InsertionSort */,
				82EB4CAD1C53FBFA001B9643 /* LinkedList */,
				822030571C6BE37100F521EE /* SparseMatrix */,
				8236F39A1C76828B0000F9EB /* Calculator */,
				82E991D51CA4BA4A000D3E43 /* Project1_PreInPostOrder */,
				82E991CA1CA4BA02000D3E43 /* Project1_LevelOrder */,
				82E991BF1CA4B9E0000D3E43 /* Project1_TreeReconstruction */,
				82DAC8741CA859B800958A13 /* Project1 */,
				821CDF621CC48B4400C68BB4 /* Project2 */,
				82B5A0541CD2501D0040A220 /* Test */,
				824734071C4B02AD00D67934 /* Products */,
			);
			sourceTree = "<group>";
		};
		824734071C4B02AD00D67934 /* Products */ = {
			isa = PBXGroup;
			children = (
				824734061C4B02AD00D67934 /* Algorithms */,
				824734141C4B02D800D67934 /* InsertionSort */,
				82EB4CAC1C53FBF9001B9643 /* InterleaveLinkedList */,
				822030561C6BE37100F521EE /* SparseMatrix */,
				8236F3991C76828B0000F9EB /* Calculator */,
				82E991BE1CA4B9E0000D3E43 /* Project1_TreeReconstruction */,
				82E991C91CA4BA02000D3E43 /* Project1_LevelOrder */,
				82E991D41CA4BA4A000D3E43 /* Project1_PreInPostOrder */,
				82DAC8731CA859B800958A13 /* Project1 */,
				821CDF611CC48B4400C68BB4 /* Project2 */,
				82B5A0531CD2501D0040A220 /* Test */,
			);
			name = Products;
			sourceTree = "<group>";
		};
		824734081C4B02AD00D67934 /* Algorithms */ = {
			isa = PBXGroup;
			children = (
				824734091C4B02AD00D67934 /* main.cpp */,
			);
			path = Algorithms;
			sourceTree = "<group>";
		};
		824734151C4B02D800D67934 /* InsertionSort */ = {
			isa = PBXGroup;
			children = (
				824734161C4B02D800D67934 /* main.cpp */,
			);
			path = InsertionSort;
			sourceTree = "<group>";
		};
		82B5A0541CD2501D0040A220 /* Test */ = {
			isa = PBXGroup;
			children = (
				82B5A0551CD2501D0040A220 /* main.cpp */,
			);
			path = Test;
			sourceTree = "<group>";
		};
		82DAC8741CA859B800958A13 /* Project1 */ = {
			isa = PBXGroup;
			children = (
				82DAC8751CA859B800958A13 /* main.cpp */,
				82DAC87A1CA859BF00958A13 /* problem3.cpp */,
				82DAC87B1CA859BF00958A13 /* problem2.cpp */,
				82DAC87C1CA859BF00958A13 /* problem1.cpp */,
			);
			path = Project1;
			sourceTree = "<group>";
		};
		82E991BF1CA4B9E0000D3E43 /* Project1_TreeReconstruction */ = {
			isa = PBXGroup;
			children = (
				82E991C01CA4B9E0000D3E43 /* main.cpp */,
			);
			path = Project1_TreeReconstruction;
			sourceTree = "<group>";
		};
		82E991CA1CA4BA02000D3E43 /* Project1_LevelOrder */ = {
			isa = PBXGroup;
			children = (
				82E991CB1CA4BA02000D3E43 /* main.cpp */,
			);
			path = Project1_LevelOrder;
			sourceTree = "<group>";
		};
		82E991D51CA4BA4A000D3E43 /* Project1_PreInPostOrder */ = {
			isa = PBXGroup;
			children = (
				82E991D61CA4BA4A000D3E43 /* main.cpp */,
			);
			path = Project1_PreInPostOrder;
			sourceTree = "<group>";
		};
		82EB4CAD1C53FBFA001B9643 /* LinkedList */ = {
			isa = PBXGroup;
			children = (
				82EB4CAE1C53FBFA001B9643 /* main.cpp */,
			);
			path = LinkedList;
			sourceTree = "<group>";
		};
/* End PBXGroup section */

/* Begin PBXNativeTarget section */
		821CDF601CC48B4400C68BB4 /* Project2 */ = {
			isa = PBXNativeTarget;
			buildConfigurationList = 821CDF671CC48B4400C68BB4 /* Build configuration list for PBXNativeTarget "Project2" */;
			buildPhases = (
				821CDF5D1CC48B4400C68BB4 /* Sources */,
				821CDF5E1CC48B4400C68BB4 /* Frameworks */,
				821CDF5F1CC48B4400C68BB4 /* CopyFiles */,
			);
			buildRules = (
			);
			dependencies = (
			);
			name = Project2;
			productName = Project2;
			productReference = 821CDF611CC48B4400C68BB4 /* Project2 */;
			productType = "com.apple.product-type.tool";
		};
		822030551C6BE37100F521EE /* SparseMatrix */ = {
			isa = PBXNativeTarget;
			buildConfigurationList = 8220305C1C6BE37100F521EE /* Build configuration list for PBXNativeTarget "SparseMatrix" */;
			buildPhases = (
				822030521C6BE37100F521EE /* Sources */,
				822030531C6BE37100F521EE /* Frameworks */,
				822030541C6BE37100F521EE /* CopyFiles */,
			);
			buildRules = (
			);
			dependencies = (
			);
			name = SparseMatrix;
			productName = SparseMatrix;
			productReference = 822030561C6BE37100F521EE /* SparseMatrix */;
			productType = "com.apple.product-type.tool";
		};
		8236F3981C76828B0000F9EB /* Calculator */ = {
			isa = PBXNativeTarget;
			buildConfigurationList = 8236F39F1C76828B0000F9EB /* Build configuration list for PBXNativeTarget "Calculator" */;
			buildPhases = (
				8236F3951C76828B0000F9EB /* Sources */,
				8236F3961C76828B0000F9EB /* Frameworks */,
				8236F3971C76828B0000F9EB /* CopyFiles */,
			);
			buildRules = (
			);
			dependencies = (
			);
			name = Calculator;
			productName = Calculator;
			productReference = 8236F3991C76828B0000F9EB /* Calculator */;
			productType = "com.apple.product-type.tool";
		};
		824734051C4B02AD00D67934 /* Algorithms */ = {
			isa = PBXNativeTarget;
			buildConfigurationList = 8247340D1C4B02AD00D67934 /* Build configuration list for PBXNativeTarget "Algorithms" */;
			buildPhases = (
				824734021C4B02AD00D67934 /* Sources */,
				824734031C4B02AD00D67934 /* Frameworks */,
				824734041C4B02AD00D67934 /* CopyFiles */,
			);
			buildRules = (
			);
			dependencies = (
			);
			name = Algorithms;
			productName = Algorithms;
			productReference = 824734061C4B02AD00D67934 /* Algorithms */;
			productType = "com.apple.product-type.tool";
		};
		824734131C4B02D800D67934 /* InsertionSort */ = {
			isa = PBXNativeTarget;
			buildConfigurationList = 824734181C4B02D800D67934 /* Build configuration list for PBXNativeTarget "InsertionSort" */;
			buildPhases = (
				824734101C4B02D800D67934 /* Sources */,
				824734111C4B02D800D67934 /* Frameworks */,
				824734121C4B02D800D67934 /* CopyFiles */,
			);
			buildRules = (
			);
			dependencies = (
			);
			name = InsertionSort;
			productName = InsertionSort;
			productReference = 824734141C4B02D800D67934 /* InsertionSort */;
			productType = "com.apple.product-type.tool";
		};
		82B5A0521CD2501D0040A220 /* Test */ = {
			isa = PBXNativeTarget;
			buildConfigurationList = 82B5A0571CD2501D0040A220 /* Build configuration list for PBXNativeTarget "Test" */;
			buildPhases = (
				82B5A04F1CD2501D0040A220 /* Sources */,
				82B5A0501CD2501D0040A220 /* Frameworks */,
				82B5A0511CD2501D0040A220 /* CopyFiles */,
			);
			buildRules = (
			);
			dependencies = (
			);
			name = Test;
			productName = Test;
			productReference = 82B5A0531CD2501D0040A220 /* Test */;
			productType = "com.apple.product-type.tool";
		};
		82DAC8721CA859B800958A13 /* Project1 */ = {
			isa = PBXNativeTarget;
			buildConfigurationList = 82DAC8791CA859B800958A13 /* Build configuration list for PBXNativeTarget "Project1" */;
			buildPhases = (
				82DAC86F1CA859B800958A13 /* Sources */,
				82DAC8701CA859B800958A13 /* Frameworks */,
				82DAC8711CA859B800958A13 /* CopyFiles */,
			);
			buildRules = (
			);
			dependencies = (
			);
			name = Project1;
			productName = Project1;
			productReference = 82DAC8731CA859B800958A13 /* Project1 */;
			productType = "com.apple.product-type.tool";
		};
		82E991BD1CA4B9E0000D3E43 /* Project1_TreeReconstruction */ = {
			isa = PBXNativeTarget;
			buildConfigurationList = 82E991C41CA4B9E0000D3E43 /* Build configuration list for PBXNativeTarget "Project1_TreeReconstruction" */;
			buildPhases = (
				82E991BA1CA4B9E0000D3E43 /* Sources */,
				82E991BB1CA4B9E0000D3E43 /* Frameworks */,
				82E991BC1CA4B9E0000D3E43 /* CopyFiles */,
			);
			buildRules = (
			);
			dependencies = (
			);
			name = Project1_TreeReconstruction;
			productName = Project1_TreeReconstruction;
			productReference = 82E991BE1CA4B9E0000D3E43 /* Project1_TreeReconstruction */;
			productType = "com.apple.product-type.tool";
		};
		82E991C81CA4BA02000D3E43 /* Project1_LevelOrder */ = {
			isa = PBXNativeTarget;
			buildConfigurationList = 82E991CD1CA4BA02000D3E43 /* Build configuration list for PBXNativeTarget "Project1_LevelOrder" */;
			buildPhases = (
				82E991C51CA4BA02000D3E43 /* Sources */,
				82E991C61CA4BA02000D3E43 /* Frameworks */,
				82E991C71CA4BA02000D3E43 /* CopyFiles */,
			);
			buildRules = (
			);
			dependencies = (
			);
			name = Project1_LevelOrder;
			productName = Project1_LevelOrder;
			productReference = 82E991C91CA4BA02000D3E43 /* Project1_LevelOrder */;
			productType = "com.apple.product-type.tool";
		};
		82E991D31CA4BA4A000D3E43 /* Project1_PreInPostOrder */ = {
			isa = PBXNativeTarget;
			buildConfigurationList = 82E991D81CA4BA4A000D3E43 /* Build configuration list for PBXNativeTarget "Project1_PreInPostOrder" */;
			buildPhases = (
				82E991D01CA4BA4A000D3E43 /* Sources */,
				82E991D11CA4BA4A000D3E43 /* Frameworks */,
				82E991D21CA4BA4A000D3E43 /* CopyFiles */,
			);
			buildRules = (
			);
			dependencies = (
			);
			name = Project1_PreInPostOrder;
			productName = Project1_PreInPostOrder;
			productReference = 82E991D41CA4BA4A000D3E43 /* Project1_PreInPostOrder */;
			productType = "com.apple.product-type.tool";
		};
		82EB4CAB1C53FBF9001B9643 /* InterleaveLinkedList */ = {
			isa = PBXNativeTarget;
			buildConfigurationList = 82EB4CB21C53FBFA001B9643 /* Build configuration list for PBXNativeTarget "InterleaveLinkedList" */;
			buildPhases = (
				82EB4CA81C53FBF9001B9643 /* Sources */,
				82EB4CA91C53FBF9001B9643 /* Frameworks */,
				82EB4CAA1C53FBF9001B9643 /* CopyFiles */,
			);
			buildRules = (
			);
			dependencies = (
			);
			name = InterleaveLinkedList;
			productName = LinkedList;
			productReference = 82EB4CAC1C53FBF9001B9643 /* InterleaveLinkedList */;
			productType = "com.apple.product-type.tool";
		};
/* End PBXNativeTarget section */

/* Begin PBXProject section */
		824733FE1C4B02AD00D67934 /* Project object */ = {
			isa = PBXProject;
			attributes = {
				LastUpgradeCheck = 0720;
				ORGANIZATIONNAME = "Ian MacCallum";
				TargetAttributes = {
					821CDF601CC48B4400C68BB4 = {
						CreatedOnToolsVersion = 7.3;
					};
					822030551C6BE37100F521EE = {
						CreatedOnToolsVersion = 7.2.1;
					};
					8236F3981C76828B0000F9EB = {
						CreatedOnToolsVersion = 7.2.1;
					};
					824734051C4B02AD00D67934 = {
						CreatedOnToolsVersion = 7.2;
					};
					824734131C4B02D800D67934 = {
						CreatedOnToolsVersion = 7.2;
					};
					82B5A0521CD2501D0040A220 = {
						CreatedOnToolsVersion = 7.3;
					};
					82DAC8721CA859B800958A13 = {
						CreatedOnToolsVersion = 7.2.1;
					};
					82E991BD1CA4B9E0000D3E43 = {
						CreatedOnToolsVersion = 7.2.1;
					};
					82E991C81CA4BA02000D3E43 = {
						CreatedOnToolsVersion = 7.2.1;
					};
					82E991D31CA4BA4A000D3E43 = {
						CreatedOnToolsVersion = 7.2.1;
					};
					82EB4CAB1C53FBF9001B9643 = {
						CreatedOnToolsVersion = 7.2;
					};
				};
			};
			buildConfigurationList = 824734011C4B02AD00D67934 /* Build configuration list for PBXProject "Algorithms" */;
			compatibilityVersion = "Xcode 3.2";
			developmentRegion = English;
			hasScannedForEncodings = 0;
			knownRegions = (
				en,
			);
			mainGroup = 824733FD1C4B02AD00D67934;
			productRefGroup = 824734071C4B02AD00D67934 /* Products */;
			projectDirPath = "";
			projectRoot = "";
			targets = (
				824734051C4B02AD00D67934 /* Algorithms */,
				824734131C4B02D800D67934 /* InsertionSort */,
				82EB4CAB1C53FBF9001B9643 /* InterleaveLinkedList */,
				822030551C6BE37100F521EE /* SparseMatrix */,
				8236F3981C76828B0000F9EB /* Calculator */,
				82E991BD1CA4B9E0000D3E43 /* Project1_TreeReconstruction */,
				82E991C81CA4BA02000D3E43 /* Project1_LevelOrder */,
				82E991D31CA4BA4A000D3E43 /* Project1_PreInPostOrder */,
				82DAC8721CA859B800958A13 /* Project1 */,
				821CDF601CC48B4400C68BB4 /* Project2 */,
				82B5A0521CD2501D0040A220 /* Test */,
			);
		};
/* End PBXProject section */

/* Begin PBXSourcesBuildPhase section */
		821CDF5D1CC48B4400C68BB4 /* Sources */ = {
			isa = PBXSourcesBuildPhase;
			buildActionMask = 2147483647;
			files = (
				82B5A04E1CD22BC30040A220 /* main.cpp in Sources */,
			);
			runOnlyForDeploymentPostprocessing = 0;
		};
		822030521C6BE37100F521EE /* Sources */ = {
			isa = PBXSourcesBuildPhase;
			buildActionMask = 2147483647;
			files = (
				8220305E1C6BE3D200F521EE /* sparseMatrix.cpp in Sources */,
				822030591C6BE37100F521EE /* main.cpp in Sources */,
			);
			runOnlyForDeploymentPostprocessing = 0;
		};
		8236F3951C76828B0000F9EB /* Sources */ = {
			isa = PBXSourcesBuildPhase;
			buildActionMask = 2147483647;
			files = (
				8236F39C1C76828B0000F9EB /* main.cpp in Sources */,
			);
			runOnlyForDeploymentPostprocessing = 0;
		};
		824734021C4B02AD00D67934 /* Sources */ = {
			isa = PBXSourcesBuildPhase;
			buildActionMask = 2147483647;
			files = (
				8247340A1C4B02AD00D67934 /* main.cpp in Sources */,
			);
			runOnlyForDeploymentPostprocessing = 0;
		};
		824734101C4B02D800D67934 /* Sources */ = {
			isa = PBXSourcesBuildPhase;
			buildActionMask = 2147483647;
			files = (
				824734171C4B02D800D67934 /* main.cpp in Sources */,
			);
			runOnlyForDeploymentPostprocessing = 0;
		};
		82B5A04F1CD2501D0040A220 /* Sources */ = {
			isa = PBXSourcesBuildPhase;
			buildActionMask = 2147483647;
			files = (
				82B5A0561CD2501D0040A220 /* main.cpp in Sources */,
			);
			runOnlyForDeploymentPostprocessing = 0;
		};
		82DAC86F1CA859B800958A13 /* Sources */ = {
			isa = PBXSourcesBuildPhase;
			buildActionMask = 2147483647;
			files = (
				82DAC87E1CA859BF00958A13 /* problem2.cpp in Sources */,
				82DAC8761CA859B800958A13 /* main.cpp in Sources */,
				82DAC87D1CA859BF00958A13 /* problem3.cpp in Sources */,
				82DAC87F1CA859BF00958A13 /* problem1.cpp in Sources */,
			);
			runOnlyForDeploymentPostprocessing = 0;
		};
		82E991BA1CA4B9E0000D3E43 /* Sources */ = {
			isa = PBXSourcesBuildPhase;
			buildActionMask = 2147483647;
			files = (
				82E991C11CA4B9E0000D3E43 /* main.cpp in Sources */,
			);
			runOnlyForDeploymentPostprocessing = 0;
		};
		82E991C51CA4BA02000D3E43 /* Sources */ = {
			isa = PBXSourcesBuildPhase;
			buildActionMask = 2147483647;
			files = (
				82E991CC1CA4BA02000D3E43 /* main.cpp in Sources */,
			);
			runOnlyForDeploymentPostprocessing = 0;
		};
		82E991D01CA4BA4A000D3E43 /* Sources */ = {
			isa = PBXSourcesBuildPhase;
			buildActionMask = 2147483647;
			files = (
				82E991D71CA4BA4A000D3E43 /* main.cpp in Sources */,
			);
			runOnlyForDeploymentPostprocessing = 0;
		};
		82EB4CA81C53FBF9001B9643 /* Sources */ = {
			isa = PBXSourcesBuildPhase;
			buildActionMask = 2147483647;
			files = (
				82EB4CAF1C53FBFA001B9643 /* main.cpp in Sources */,
			);
			runOnlyForDeploymentPostprocessing = 0;
		};
/* End PBXSourcesBuildPhase section */

/* Begin XCBuildConfiguration section */
		821CDF651CC48B4400C68BB4 /* Debug */ = {
			isa = XCBuildConfiguration;
			buildSettings = {
				CLANG_ANALYZER_NONNULL = YES;
				CLANG_CXX_LANGUAGE_STANDARD = "gnu++0x";
				CLANG_CXX_LIBRARY = "libc++";
				GCC_C_LANGUAGE_STANDARD = gnu99;
				PRODUCT_NAME = "$(TARGET_NAME)";
			};
			name = Debug;
		};
		821CDF661CC48B4400C68BB4 /* Release */ = {
			isa = XCBuildConfiguration;
			buildSettings = {
				CLANG_ANALYZER_NONNULL = YES;
				CLANG_CXX_LANGUAGE_STANDARD = "gnu++0x";
				CLANG_CXX_LIBRARY = "libc++";
				GCC_C_LANGUAGE_STANDARD = gnu99;
				PRODUCT_NAME = "$(TARGET_NAME)";
			};
			name = Release;
		};
		8220305A1C6BE37100F521EE /* Debug */ = {
			isa = XCBuildConfiguration;
			buildSettings = {
				CLANG_CXX_LANGUAGE_STANDARD = "gnu++0x";
				GCC_C_LANGUAGE_STANDARD = gnu99;
				PRODUCT_NAME = "$(TARGET_NAME)";
			};
			name = Debug;
		};
		8220305B1C6BE37100F521EE /* Release */ = {
			isa = XCBuildConfiguration;
			buildSettings = {
				CLANG_CXX_LANGUAGE_STANDARD = "gnu++0x";
				GCC_C_LANGUAGE_STANDARD = gnu99;
				PRODUCT_NAME = "$(TARGET_NAME)";
			};
			name = Release;
		};
		8236F39D1C76828B0000F9EB /* Debug */ = {
			isa = XCBuildConfiguration;
			buildSettings = {
				CLANG_CXX_LANGUAGE_STANDARD = "c++0x";
				GCC_C_LANGUAGE_STANDARD = c11;
				PRODUCT_NAME = "$(TARGET_NAME)";
			};
			name = Debug;
		};
		8236F39E1C76828B0000F9EB /* Release */ = {
			isa = XCBuildConfiguration;
			buildSettings = {
				CLANG_CXX_LANGUAGE_STANDARD = "c++0x";
				GCC_C_LANGUAGE_STANDARD = c11;
				PRODUCT_NAME = "$(TARGET_NAME)";
			};
			name = Release;
		};
		8247340B1C4B02AD00D67934 /* Debug */ = {
			isa = XCBuildConfiguration;
			buildSettings = {
				ALWAYS_SEARCH_USER_PATHS = NO;
				CLANG_CXX_LANGUAGE_STANDARD = "c++0x";
				CLANG_CXX_LIBRARY = "compiler-default";
				CLANG_ENABLE_MODULES = YES;
				CLANG_ENABLE_OBJC_ARC = YES;
				CLANG_WARN_BOOL_CONVERSION = YES;
				CLANG_WARN_CONSTANT_CONVERSION = YES;
				CLANG_WARN_DIRECT_OBJC_ISA_USAGE = YES_ERROR;
				CLANG_WARN_EMPTY_BODY = YES;
				CLANG_WARN_ENUM_CONVERSION = YES;
				CLANG_WARN_INT_CONVERSION = YES;
				CLANG_WARN_OBJC_ROOT_CLASS = YES_ERROR;
				CLANG_WARN_UNREACHABLE_CODE = YES;
				CLANG_WARN__DUPLICATE_METHOD_MATCH = YES;
				CODE_SIGN_IDENTITY = "-";
				COPY_PHASE_STRIP = NO;
				DEBUG_INFORMATION_FORMAT = dwarf;
				ENABLE_STRICT_OBJC_MSGSEND = YES;
				ENABLE_TESTABILITY = YES;
				GCC_C_LANGUAGE_STANDARD = c11;
				GCC_DYNAMIC_NO_PIC = NO;
				GCC_NO_COMMON_BLOCKS = YES;
				GCC_OPTIMIZATION_LEVEL = 0;
				GCC_PREPROCESSOR_DEFINITIONS = (
					"DEBUG=1",
					"$(inherited)",
				);
				GCC_WARN_64_TO_32_BIT_CONVERSION = YES;
				GCC_WARN_ABOUT_RETURN_TYPE = YES_ERROR;
				GCC_WARN_UNDECLARED_SELECTOR = YES;
				GCC_WARN_UNINITIALIZED_AUTOS = YES_AGGRESSIVE;
				GCC_WARN_UNUSED_FUNCTION = YES;
				GCC_WARN_UNUSED_VARIABLE = YES;
				MACOSX_DEPLOYMENT_TARGET = 10.11;
				MTL_ENABLE_DEBUG_INFO = YES;
				ONLY_ACTIVE_ARCH = YES;
				SDKROOT = macosx;
			};
			name = Debug;
		};
		8247340C1C4B02AD00D67934 /* Release */ = {
			isa = XCBuildConfiguration;
			buildSettings = {
				ALWAYS_SEARCH_USER_PATHS = NO;
				CLANG_CXX_LANGUAGE_STANDARD = "c++0x";
				CLANG_CXX_LIBRARY = "compiler-default";
				CLANG_ENABLE_MODULES = YES;
				CLANG_ENABLE_OBJC_ARC = YES;
				CLANG_WARN_BOOL_CONVERSION = YES;
				CLANG_WARN_CONSTANT_CONVERSION = YES;
				CLANG_WARN_DIRECT_OBJC_ISA_USAGE = YES_ERROR;
				CLANG_WARN_EMPTY_BODY = YES;
				CLANG_WARN_ENUM_CONVERSION = YES;
				CLANG_WARN_INT_CONVERSION = YES;
				CLANG_WARN_OBJC_ROOT_CLASS = YES_ERROR;
				CLANG_WARN_UNREACHABLE_CODE = YES;
				CLANG_WARN__DUPLICATE_METHOD_MATCH = YES;
				CODE_SIGN_IDENTITY = "-";
				COPY_PHASE_STRIP = NO;
				DEBUG_INFORMATION_FORMAT = "dwarf-with-dsym";
				ENABLE_NS_ASSERTIONS = NO;
				ENABLE_STRICT_OBJC_MSGSEND = YES;
				GCC_C_LANGUAGE_STANDARD = c11;
				GCC_NO_COMMON_BLOCKS = YES;
				GCC_WARN_64_TO_32_BIT_CONVERSION = YES;
				GCC_WARN_ABOUT_RETURN_TYPE = YES_ERROR;
				GCC_WARN_UNDECLARED_SELECTOR = YES;
				GCC_WARN_UNINITIALIZED_AUTOS = YES_AGGRESSIVE;
				GCC_WARN_UNUSED_FUNCTION = YES;
				GCC_WARN_UNUSED_VARIABLE = YES;
				MACOSX_DEPLOYMENT_TARGET = 10.11;
				MTL_ENABLE_DEBUG_INFO = NO;
				SDKROOT = macosx;
			};
			name = Release;
		};
		8247340E1C4B02AD00D67934 /* Debug */ = {
			isa = XCBuildConfiguration;
			buildSettings = {
				PRODUCT_NAME = "$(TARGET_NAME)";
			};
			name = Debug;
		};
		8247340F1C4B02AD00D67934 /* Release */ = {
			isa = XCBuildConfiguration;
			buildSettings = {
				PRODUCT_NAME = "$(TARGET_NAME)";
			};
			name = Release;
		};
		824734191C4B02D800D67934 /* Debug */ = {
			isa = XCBuildConfiguration;
			buildSettings = {
				PRODUCT_NAME = "$(TARGET_NAME)";
			};
			name = Debug;
		};
		8247341A1C4B02D800D67934 /* Release */ = {
			isa = XCBuildConfiguration;
			buildSettings = {
				PRODUCT_NAME = "$(TARGET_NAME)";
			};
			name = Release;
		};
		82B5A0581CD2501D0040A220 /* Debug */ = {
			isa = XCBuildConfiguration;
			buildSettings = {
				CLANG_ANALYZER_NONNULL = YES;
				CLANG_CXX_LANGUAGE_STANDARD = "gnu++0x";
				CLANG_CXX_LIBRARY = "libc++";
				GCC_C_LANGUAGE_STANDARD = gnu99;
				PRODUCT_NAME = "$(TARGET_NAME)";
			};
			name = Debug;
		};
		82B5A0591CD2501D0040A220 /* Release */ = {
			isa = XCBuildConfiguration;
			buildSettings = {
				CLANG_ANALYZER_NONNULL = YES;
				CLANG_CXX_LANGUAGE_STANDARD = "gnu++0x";
				CLANG_CXX_LIBRARY = "libc++";
				GCC_C_LANGUAGE_STANDARD = gnu99;
				PRODUCT_NAME = "$(TARGET_NAME)";
			};
			name = Release;
		};
		82DAC8771CA859B800958A13 /* Debug */ = {
			isa = XCBuildConfiguration;
			buildSettings = {
				CLANG_CXX_LANGUAGE_STANDARD = "c++0x";
				CLANG_CXX_LIBRARY = "libstdc++";
				GCC_C_LANGUAGE_STANDARD = c11;
				PRODUCT_NAME = "$(TARGET_NAME)";
			};
			name = Debug;
		};
		82DAC8781CA859B800958A13 /* Release */ = {
			isa = XCBuildConfiguration;
			buildSettings = {
				CLANG_CXX_LANGUAGE_STANDARD = "c++0x";
				CLANG_CXX_LIBRARY = "libstdc++";
				GCC_C_LANGUAGE_STANDARD = c11;
				PRODUCT_NAME = "$(TARGET_NAME)";
			};
			name = Release;
		};
		82E991C21CA4B9E0000D3E43 /* Debug */ = {
			isa = XCBuildConfiguration;
			buildSettings = {
				CLANG_CXX_LANGUAGE_STANDARD = "gnu++0x";
				CLANG_CXX_LIBRARY = "libc++";
				GCC_C_LANGUAGE_STANDARD = gnu99;
				PRODUCT_NAME = "$(TARGET_NAME)";
			};
			name = Debug;
		};
		82E991C31CA4B9E0000D3E43 /* Release */ = {
			isa = XCBuildConfiguration;
			buildSettings = {
				CLANG_CXX_LANGUAGE_STANDARD = "gnu++0x";
				CLANG_CXX_LIBRARY = "libc++";
				GCC_C_LANGUAGE_STANDARD = gnu99;
				PRODUCT_NAME = "$(TARGET_NAME)";
			};
			name = Release;
		};
		82E991CE1CA4BA02000D3E43 /* Debug */ = {
			isa = XCBuildConfiguration;
			buildSettings = {
				CLANG_CXX_LANGUAGE_STANDARD = "gnu++0x";
				CLANG_CXX_LIBRARY = "libc++";
				GCC_C_LANGUAGE_STANDARD = gnu99;
				PRODUCT_NAME = "$(TARGET_NAME)";
			};
			name = Debug;
		};
		82E991CF1CA4BA02000D3E43 /* Release */ = {
			isa = XCBuildConfiguration;
			buildSettings = {
				CLANG_CXX_LANGUAGE_STANDARD = "gnu++0x";
				CLANG_CXX_LIBRARY = "libc++";
				GCC_C_LANGUAGE_STANDARD = gnu99;
				PRODUCT_NAME = "$(TARGET_NAME)";
			};
			name = Release;
		};
		82E991D91CA4BA4A000D3E43 /* Debug */ = {
			isa = XCBuildConfiguration;
			buildSettings = {
				CLANG_CXX_LANGUAGE_STANDARD = "gnu++0x";
				CLANG_CXX_LIBRARY = "libc++";
				GCC_C_LANGUAGE_STANDARD = gnu99;
				PRODUCT_NAME = "$(TARGET_NAME)";
			};
			name = Debug;
		};
		82E991DA1CA4BA4A000D3E43 /* Release */ = {
			isa = XCBuildConfiguration;
			buildSettings = {
				CLANG_CXX_LANGUAGE_STANDARD = "gnu++0x";
				CLANG_CXX_LIBRARY = "libc++";
				GCC_C_LANGUAGE_STANDARD = gnu99;
				PRODUCT_NAME = "$(TARGET_NAME)";
			};
			name = Release;
		};
		82EB4CB01C53FBFA001B9643 /* Debug */ = {
			isa = XCBuildConfiguration;
			buildSettings = {
				PRODUCT_NAME = "$(TARGET_NAME)";
			};
			name = Debug;
		};
		82EB4CB11C53FBFA001B9643 /* Release */ = {
			isa = XCBuildConfiguration;
			buildSettings = {
				PRODUCT_NAME = "$(TARGET_NAME)";
			};
			name = Release;
		};
/* End XCBuildConfiguration section */

/* Begin XCConfigurationList section */
		821CDF671CC48B4400C68BB4 /* Build configuration list for PBXNativeTarget "Project2" */ = {
			isa = XCConfigurationList;
			buildConfigurations = (
				821CDF651CC48B4400C68BB4 /* Debug */,
				821CDF661CC48B4400C68BB4 /* Release */,
			);
			defaultConfigurationIsVisible = 0;
			defaultConfigurationName = Release;
		};
		8220305C1C6BE37100F521EE /* Build configuration list for PBXNativeTarget "SparseMatrix" */ = {
			isa = XCConfigurationList;
			buildConfigurations = (
				8220305A1C6BE37100F521EE /* Debug */,
				8220305B1C6BE37100F521EE /* Release */,
			);
			defaultConfigurationIsVisible = 0;
			defaultConfigurationName = Release;
		};
		8236F39F1C76828B0000F9EB /* Build configuration list for PBXNativeTarget "Calculator" */ = {
			isa = XCConfigurationList;
			buildConfigurations = (
				8236F39D1C76828B0000F9EB /* Debug */,
				8236F39E1C76828B0000F9EB /* Release */,
			);
			defaultConfigurationIsVisible = 0;
			defaultConfigurationName = Release;
		};
		824734011C4B02AD00D67934 /* Build configuration list for PBXProject "Algorithms" */ = {
			isa = XCConfigurationList;
			buildConfigurations = (
				8247340B1C4B02AD00D67934 /* Debug */,
				8247340C1C4B02AD00D67934 /* Release */,
			);
			defaultConfigurationIsVisible = 0;
			defaultConfigurationName = Release;
		};
		8247340D1C4B02AD00D67934 /* Build configuration list for PBXNativeTarget "Algorithms" */ = {
			isa = XCConfigurationList;
			buildConfigurations = (
				8247340E1C4B02AD00D67934 /* Debug */,
				8247340F1C4B02AD00D67934 /* Release */,
			);
			defaultConfigurationIsVisible = 0;
			defaultConfigurationName = Release;
		};
		824734181C4B02D800D67934 /* Build configuration list for PBXNativeTarget "InsertionSort" */ = {
			isa = XCConfigurationList;
			buildConfigurations = (
				824734191C4B02D800D67934 /* Debug */,
				8247341A1C4B02D800D67934 /* Release */,
			);
			defaultConfigurationIsVisible = 0;
			defaultConfigurationName = Release;
		};
		82B5A0571CD2501D0040A220 /* Build configuration list for PBXNativeTarget "Test" */ = {
			isa = XCConfigurationList;
			buildConfigurations = (
				82B5A0581CD2501D0040A220 /* Debug */,
				82B5A0591CD2501D0040A220 /* Release */,
			);
			defaultConfigurationIsVisible = 0;
		};
		82DAC8791CA859B800958A13 /* Build configuration list for PBXNativeTarget "Project1" */ = {
			isa = XCConfigurationList;
			buildConfigurations = (
				82DAC8771CA859B800958A13 /* Debug */,
				82DAC8781CA859B800958A13 /* Release */,
			);
			defaultConfigurationIsVisible = 0;
			defaultConfigurationName = Release;
		};
		82E991C41CA4B9E0000D3E43 /* Build configuration list for PBXNativeTarget "Project1_TreeReconstruction" */ = {
			isa = XCConfigurationList;
			buildConfigurations = (
				82E991C21CA4B9E0000D3E43 /* Debug */,
				82E991C31CA4B9E0000D3E43 /* Release */,
			);
			defaultConfigurationIsVisible = 0;
			defaultConfigurationName = Release;
		};
		82E991CD1CA4BA02000D3E43 /* Build configuration list for PBXNativeTarget "Project1_LevelOrder" */ = {
			isa = XCConfigurationList;
			buildConfigurations = (
				82E991CE1CA4BA02000D3E43 /* Debug */,
				82E991CF1CA4BA02000D3E43 /* Release */,
			);
			defaultConfigurationIsVisible = 0;
			defaultConfigurationName = Release;
		};
		82E991D81CA4BA4A000D3E43 /* Build configuration list for PBXNativeTarget "Project1_PreInPostOrder" */ = {
			isa = XCConfigurationList;
			buildConfigurations = (
				82E991D91CA4BA4A000D3E43 /* Debug */,
				82E991DA1CA4BA4A000D3E43 /* Release */,
			);
			defaultConfigurationIsVisible = 0;
			defaultConfigurationName = Release;
		};
		82EB4CB21C53FBFA001B9643 /* Build configuration list for PBXNativeTarget "InterleaveLinkedList" */ = {
			isa = XCConfigurationList;
			buildConfigurations = (
				82EB4CB01C53FBFA001B9643 /* Debug */,
				82EB4CB11C53FBFA001B9643 /* Release */,
			);
			defaultConfigurationIsVisible = 0;
			defaultConfigurationName = Release;
		};
/* End XCConfigurationList section */
	};
	rootObject = 824733FE1C4B02AD00D67934 /* Project object */;
}
